
Microsoft Visual Studio Solution File, Format Version 12.00
# Visual Studio Version 17
VisualStudioVersion = 17.8.34511.84
MinimumVisualStudioVersion = 10.0.40219.1
Project("{FAE04EC0-301F-11D3-BF4B-00C04F79EFBC}") = "BatchPublishCommand", "Plugin\BatchPublishCommand.csproj", "{F05143CC-C03C-4F39-A901-B1F096DAE7BC}"
EndProject
Project("{9A19103F-16F7-4668-BE54-9A1E7A4F7556}") = "ClientV3", "ClientV3\ClientV3.csproj", "{B457495C-6178-40CC-BE9B-705B686C9062}"
EndProject
Global
	GlobalSection(SolutionConfigurationPlatforms) = preSolution
		Debug|Any CPU = Debug|Any CPU
		Debug|x64 = Debug|x64
		Release|Any CPU = Release|Any CPU
		Release|x64 = Release|x64
	EndGlobalSection
	GlobalSection(ProjectConfigurationPlatforms) = postSolution
		{F05143CC-C03C-4F39-A901-B1F096DAE7BC}.Debug|Any CPU.ActiveCfg = Debug|Any CPU
		{F05143CC-C03C-4F39-A901-B1F096DAE7BC}.Debug|Any CPU.Build.0 = Debug|Any CPU
		{F05143CC-C03C-4F39-A901-B1F096DAE7BC}.Debug|x64.ActiveCfg = Debug|x64
		{F05143CC-C03C-4F39-A901-B1F096DAE7BC}.Debug|x64.Build.0 = Debug|x64
		{F05143CC-C03C-4F39-A901-B1F096DAE7BC}.Release|Any CPU.ActiveCfg = Release|Any CPU
		{F05143CC-C03C-4F39-A901-B1F096DAE7BC}.Release|Any CPU.Build.0 = Release|Any CPU
		{F05143CC-C03C-4F39-A901-B1F096DAE7BC}.Release|x64.ActiveCfg = Release|x64
		{F05143CC-C03C-4F39-A901-B1F096DAE7BC}.Release|x64.Build.0 = Release|x64
		{B457495C-6178-40CC-BE9B-705B686C9062}.Debug|Any CPU.ActiveCfg = Debug|Any CPU
		{B457495C-6178-40CC-BE9B-705B686C9062}.Debug|Any CPU.Build.0 = Debug|Any CPU
		{B457495C-6178-40CC-BE9B-705B686C9062}.Debug|x64.ActiveCfg = Debug|x64
		{B457495C-6178-40CC-BE9B-705B686C9062}.Debug|x64.Build.0 = Debug|x64
		{B457495C-6178-40CC-BE9B-705B686C9062}.Release|Any CPU.ActiveCfg = Release|Any CPU
		{B457495C-6178-40CC-BE9B-705B686C9062}.Release|Any CPU.Build.0 = Release|Any CPU
		{B457495C-6178-40CC-BE9B-705B686C9062}.Release|x64.ActiveCfg = Release|Any CPU
		{B457495C-6178-40CC-BE9B-705B686C9062}.Release|x64.Build.0 = Release|Any CPU
	EndGlobalSection
	GlobalSection(SolutionProperties) = preSolution
		HideSolutionNode = FALSE
	EndGlobalSection
	GlobalSection(ExtensibilityGlobals) = postSolution
		SolutionGuid = {E9650C78-9046-40E4-BB1A-2932E6B8ADAE}
	EndGlobalSection
EndGlobal
